
Microsoft Visual Studio Solution File, Format Version 10.00
# Visual Studio 2008
Project("{8BC9CEB8-8B4A-11D0-8D11-00A0C91BC942}") = "k_1", "k_1\k_1.vcproj", "{7AF7E780-5C4B-45B7-8B70-AB625C8CA90D}"
EndProject
Global
	GlobalSection(SolutionConfigurationPlatforms) = preSolution
		Debug|Win32 = Debug|Win32
		Release|Win32 = Release|Win32
	EndGlobalSection
	GlobalSection(ProjectConfigurationPlatforms) = postSolution
		{7AF7E780-5C4B-45B7-8B70-AB625C8CA90D}.Debug|Win32.ActiveCfg = Debug|Win32
		{7AF7E780-5C4B-45B7-8B70-AB625C8CA90D}.Debug|Win32.Build.0 = Debug|Win32
		{7AF7E780-5C4B-45B7-8B70-AB625C8CA90D}.Release|Win32.ActiveCfg = Release|Win32
		{7AF7E780-5C4B-45B7-8B70-AB625C8CA90D}.Release|Win32.Build.0 = Release|Win32
	EndGlobalSection
	GlobalSection(SolutionProperties) = preSolution
		HideSolutionNode = FALSE
	EndGlobalSection
EndGlobal
