
Microsoft Visual Studio Solution File, Format Version 10.00
# Visual Studio 2008
Project("{8BC9CEB8-8B4A-11D0-8D11-00A0C91BC942}") = "vs_2", "vs_2\vs_2.vcproj", "{837ADF1F-06F7-4BB7-9425-4F8EA7DC8C28}"
EndProject
Global
	GlobalSection(SolutionConfigurationPlatforms) = preSolution
		Debug|Win32 = Debug|Win32
		Release|Win32 = Release|Win32
	EndGlobalSection
	GlobalSection(ProjectConfigurationPlatforms) = postSolution
		{837ADF1F-06F7-4BB7-9425-4F8EA7DC8C28}.Debug|Win32.ActiveCfg = Debug|Win32
		{837ADF1F-06F7-4BB7-9425-4F8EA7DC8C28}.Debug|Win32.Build.0 = Debug|Win32
		{837ADF1F-06F7-4BB7-9425-4F8EA7DC8C28}.Release|Win32.ActiveCfg = Release|Win32
		{837ADF1F-06F7-4BB7-9425-4F8EA7DC8C28}.Release|Win32.Build.0 = Release|Win32
	EndGlobalSection
	GlobalSection(SolutionProperties) = preSolution
		HideSolutionNode = FALSE
	EndGlobalSection
EndGlobal
