
Microsoft Visual Studio Solution File, Format Version 10.00
# Visual Studio 2008
Project("{8BC9CEB8-8B4A-11D0-8D11-00A0C91BC942}") = "vs_1", "vs_1\vs_1.vcproj", "{08A6719B-E3DA-4AF5-921F-C49B8BE5164D}"
EndProject
Global
	GlobalSection(SolutionConfigurationPlatforms) = preSolution
		Debug|Win32 = Debug|Win32
		Release|Win32 = Release|Win32
	EndGlobalSection
	GlobalSection(ProjectConfigurationPlatforms) = postSolution
		{08A6719B-E3DA-4AF5-921F-C49B8BE5164D}.Debug|Win32.ActiveCfg = Debug|Win32
		{08A6719B-E3DA-4AF5-921F-C49B8BE5164D}.Debug|Win32.Build.0 = Debug|Win32
		{08A6719B-E3DA-4AF5-921F-C49B8BE5164D}.Release|Win32.ActiveCfg = Release|Win32
		{08A6719B-E3DA-4AF5-921F-C49B8BE5164D}.Release|Win32.Build.0 = Release|Win32
	EndGlobalSection
	GlobalSection(SolutionProperties) = preSolution
		HideSolutionNode = FALSE
	EndGlobalSection
EndGlobal
