
Microsoft Visual Studio Solution File, Format Version 10.00
# Visual Studio 2008
Project("{8BC9CEB8-8B4A-11D0-8D11-00A0C91BC942}") = "a_1", "a_1\a_1.vcproj", "{0CB03F1B-E665-4E18-A4C9-79DD4D8CD72D}"
EndProject
Global
	GlobalSection(SolutionConfigurationPlatforms) = preSolution
		Debug|Win32 = Debug|Win32
		Release|Win32 = Release|Win32
	EndGlobalSection
	GlobalSection(ProjectConfigurationPlatforms) = postSolution
		{0CB03F1B-E665-4E18-A4C9-79DD4D8CD72D}.Debug|Win32.ActiveCfg = Debug|Win32
		{0CB03F1B-E665-4E18-A4C9-79DD4D8CD72D}.Debug|Win32.Build.0 = Debug|Win32
		{0CB03F1B-E665-4E18-A4C9-79DD4D8CD72D}.Release|Win32.ActiveCfg = Release|Win32
		{0CB03F1B-E665-4E18-A4C9-79DD4D8CD72D}.Release|Win32.Build.0 = Release|Win32
	EndGlobalSection
	GlobalSection(SolutionProperties) = preSolution
		HideSolutionNode = FALSE
	EndGlobalSection
EndGlobal
