
Microsoft Visual Studio Solution File, Format Version 10.00
# Visual Studio 2008
Project("{8BC9CEB8-8B4A-11D0-8D11-00A0C91BC942}") = "training_12_10_14", "training_12_10_14\training_12_10_14.vcproj", "{0498C88E-290C-4021-B8EE-2E91636D5BBE}"
EndProject
Global
	GlobalSection(SolutionConfigurationPlatforms) = preSolution
		Debug|Win32 = Debug|Win32
		Release|Win32 = Release|Win32
	EndGlobalSection
	GlobalSection(ProjectConfigurationPlatforms) = postSolution
		{0498C88E-290C-4021-B8EE-2E91636D5BBE}.Debug|Win32.ActiveCfg = Debug|Win32
		{0498C88E-290C-4021-B8EE-2E91636D5BBE}.Debug|Win32.Build.0 = Debug|Win32
		{0498C88E-290C-4021-B8EE-2E91636D5BBE}.Release|Win32.ActiveCfg = Release|Win32
		{0498C88E-290C-4021-B8EE-2E91636D5BBE}.Release|Win32.Build.0 = Release|Win32
	EndGlobalSection
	GlobalSection(SolutionProperties) = preSolution
		HideSolutionNode = FALSE
	EndGlobalSection
EndGlobal
