
Microsoft Visual Studio Solution File, Format Version 10.00
# Visual Studio 2008
Project("{8BC9CEB8-8B4A-11D0-8D11-00A0C91BC942}") = "b_1", "b_1\b_1.vcproj", "{D7F768D9-4BBC-4A8E-9C74-A06388A76316}"
EndProject
Global
	GlobalSection(SolutionConfigurationPlatforms) = preSolution
		Debug|Win32 = Debug|Win32
		Release|Win32 = Release|Win32
	EndGlobalSection
	GlobalSection(ProjectConfigurationPlatforms) = postSolution
		{D7F768D9-4BBC-4A8E-9C74-A06388A76316}.Debug|Win32.ActiveCfg = Debug|Win32
		{D7F768D9-4BBC-4A8E-9C74-A06388A76316}.Debug|Win32.Build.0 = Debug|Win32
		{D7F768D9-4BBC-4A8E-9C74-A06388A76316}.Release|Win32.ActiveCfg = Release|Win32
		{D7F768D9-4BBC-4A8E-9C74-A06388A76316}.Release|Win32.Build.0 = Release|Win32
	EndGlobalSection
	GlobalSection(SolutionProperties) = preSolution
		HideSolutionNode = FALSE
	EndGlobalSection
EndGlobal
