
Microsoft Visual Studio Solution File, Format Version 10.00
# Visual Studio 2008
Project("{8BC9CEB8-8B4A-11D0-8D11-00A0C91BC942}") = "g_1", "g_1\g_1.vcproj", "{238CC454-EEEA-468A-8EF3-F61ED8033414}"
EndProject
Global
	GlobalSection(SolutionConfigurationPlatforms) = preSolution
		Debug|Win32 = Debug|Win32
		Release|Win32 = Release|Win32
	EndGlobalSection
	GlobalSection(ProjectConfigurationPlatforms) = postSolution
		{238CC454-EEEA-468A-8EF3-F61ED8033414}.Debug|Win32.ActiveCfg = Debug|Win32
		{238CC454-EEEA-468A-8EF3-F61ED8033414}.Debug|Win32.Build.0 = Debug|Win32
		{238CC454-EEEA-468A-8EF3-F61ED8033414}.Release|Win32.ActiveCfg = Release|Win32
		{238CC454-EEEA-468A-8EF3-F61ED8033414}.Release|Win32.Build.0 = Release|Win32
	EndGlobalSection
	GlobalSection(SolutionProperties) = preSolution
		HideSolutionNode = FALSE
	EndGlobalSection
EndGlobal
