
Microsoft Visual Studio Solution File, Format Version 10.00
# Visual Studio 2008
Project("{8BC9CEB8-8B4A-11D0-8D11-00A0C91BC942}") = "codeforces_10_d", "codeforces_10_d\codeforces_10_d.vcproj", "{BD777B9C-B4AF-4246-9708-E258D36D7FEC}"
EndProject
Global
	GlobalSection(SolutionConfigurationPlatforms) = preSolution
		Debug|Win32 = Debug|Win32
		Release|Win32 = Release|Win32
	EndGlobalSection
	GlobalSection(ProjectConfigurationPlatforms) = postSolution
		{BD777B9C-B4AF-4246-9708-E258D36D7FEC}.Debug|Win32.ActiveCfg = Debug|Win32
		{BD777B9C-B4AF-4246-9708-E258D36D7FEC}.Debug|Win32.Build.0 = Debug|Win32
		{BD777B9C-B4AF-4246-9708-E258D36D7FEC}.Release|Win32.ActiveCfg = Release|Win32
		{BD777B9C-B4AF-4246-9708-E258D36D7FEC}.Release|Win32.Build.0 = Release|Win32
	EndGlobalSection
	GlobalSection(SolutionProperties) = preSolution
		HideSolutionNode = FALSE
	EndGlobalSection
EndGlobal
