
Microsoft Visual Studio Solution File, Format Version 10.00
# Visual Studio 2008
Project("{8BC9CEB8-8B4A-11D0-8D11-00A0C91BC942}") = "suf_arr", "suf_arr\suf_arr.vcproj", "{BD8A4B4A-B7E2-4FE3-BCFE-658318C37FA0}"
EndProject
Global
	GlobalSection(SolutionConfigurationPlatforms) = preSolution
		Debug|Win32 = Debug|Win32
		Release|Win32 = Release|Win32
	EndGlobalSection
	GlobalSection(ProjectConfigurationPlatforms) = postSolution
		{BD8A4B4A-B7E2-4FE3-BCFE-658318C37FA0}.Debug|Win32.ActiveCfg = Debug|Win32
		{BD8A4B4A-B7E2-4FE3-BCFE-658318C37FA0}.Debug|Win32.Build.0 = Debug|Win32
		{BD8A4B4A-B7E2-4FE3-BCFE-658318C37FA0}.Release|Win32.ActiveCfg = Release|Win32
		{BD8A4B4A-B7E2-4FE3-BCFE-658318C37FA0}.Release|Win32.Build.0 = Release|Win32
	EndGlobalSection
	GlobalSection(SolutionProperties) = preSolution
		HideSolutionNode = FALSE
	EndGlobalSection
EndGlobal
