
Microsoft Visual Studio Solution File, Format Version 10.00
# Visual Studio 2008
Project("{8BC9CEB8-8B4A-11D0-8D11-00A0C91BC942}") = "hash_palindromes", "hash_palindromes\hash_palindromes.vcproj", "{D8FFC6AD-2FB7-43DD-ABD8-60926A1CB3F0}"
EndProject
Global
	GlobalSection(SolutionConfigurationPlatforms) = preSolution
		Debug|Win32 = Debug|Win32
		Release|Win32 = Release|Win32
	EndGlobalSection
	GlobalSection(ProjectConfigurationPlatforms) = postSolution
		{D8FFC6AD-2FB7-43DD-ABD8-60926A1CB3F0}.Debug|Win32.ActiveCfg = Debug|Win32
		{D8FFC6AD-2FB7-43DD-ABD8-60926A1CB3F0}.Debug|Win32.Build.0 = Debug|Win32
		{D8FFC6AD-2FB7-43DD-ABD8-60926A1CB3F0}.Release|Win32.ActiveCfg = Release|Win32
		{D8FFC6AD-2FB7-43DD-ABD8-60926A1CB3F0}.Release|Win32.Build.0 = Release|Win32
	EndGlobalSection
	GlobalSection(SolutionProperties) = preSolution
		HideSolutionNode = FALSE
	EndGlobalSection
EndGlobal
