
Microsoft Visual Studio Solution File, Format Version 10.00
# Visual Studio 2008
Project("{8BC9CEB8-8B4A-11D0-8D11-00A0C91BC942}") = "flow_stress", "flow_stress\flow_stress.vcproj", "{1F3D3DFE-1BCB-46E0-A58F-818D7B0A4318}"
EndProject
Global
	GlobalSection(SolutionConfigurationPlatforms) = preSolution
		Debug|Win32 = Debug|Win32
		Release|Win32 = Release|Win32
	EndGlobalSection
	GlobalSection(ProjectConfigurationPlatforms) = postSolution
		{1F3D3DFE-1BCB-46E0-A58F-818D7B0A4318}.Debug|Win32.ActiveCfg = Debug|Win32
		{1F3D3DFE-1BCB-46E0-A58F-818D7B0A4318}.Debug|Win32.Build.0 = Debug|Win32
		{1F3D3DFE-1BCB-46E0-A58F-818D7B0A4318}.Release|Win32.ActiveCfg = Release|Win32
		{1F3D3DFE-1BCB-46E0-A58F-818D7B0A4318}.Release|Win32.Build.0 = Release|Win32
	EndGlobalSection
	GlobalSection(SolutionProperties) = preSolution
		HideSolutionNode = FALSE
	EndGlobalSection
EndGlobal
