
Microsoft Visual Studio Solution File, Format Version 10.00
# Visual Studio 2008
Project("{8BC9CEB8-8B4A-11D0-8D11-00A0C91BC942}") = "upsolving_1", "upsolving_1\upsolving_1.vcproj", "{DF0F6440-AAC5-4A17-9E89-E855763BF5DF}"
EndProject
Global
	GlobalSection(SolutionConfigurationPlatforms) = preSolution
		Debug|Win32 = Debug|Win32
		Release|Win32 = Release|Win32
	EndGlobalSection
	GlobalSection(ProjectConfigurationPlatforms) = postSolution
		{DF0F6440-AAC5-4A17-9E89-E855763BF5DF}.Debug|Win32.ActiveCfg = Debug|Win32
		{DF0F6440-AAC5-4A17-9E89-E855763BF5DF}.Debug|Win32.Build.0 = Debug|Win32
		{DF0F6440-AAC5-4A17-9E89-E855763BF5DF}.Release|Win32.ActiveCfg = Release|Win32
		{DF0F6440-AAC5-4A17-9E89-E855763BF5DF}.Release|Win32.Build.0 = Release|Win32
	EndGlobalSection
	GlobalSection(SolutionProperties) = preSolution
		HideSolutionNode = FALSE
	EndGlobalSection
EndGlobal
